<?xml version="1.0" encoding="utf-8"?>
<Project ToolsVersion="4.0" xmlns="http://schemas.microsoft.com/developer/msbuild/2003">
  <ItemGroup>
    <Filter Include="Common">
      <UniqueIdentifier>87a833fb-8ca9-46e9-8cd6-266b645eeef4</UniqueIdentifier>
    </Filter>
    <Filter Include="Assets">
      <UniqueIdentifier>ef4ced20-92ff-433f-899b-b1236301888e</UniqueIdentifier>
      <Extensions>ico;cur;bmp;dds;dlg;fbx;rct;bin;rgs;gif;jpg;jpeg;jpe;resx;tga;tiff;tif;png;wav;mfcribbon-ms</Extensions>
    </Filter>
    <Filter Include="Framework">
      <UniqueIdentifier>{9044cf73-4e6e-462a-af1c-3a3d75e4353b}</UniqueIdentifier>
    </Filter>
    <Filter Include="Framework\DebugTools">
      <UniqueIdentifier>{8a19221a-7b0f-4089-84cd-6f650f3ce56b}</UniqueIdentifier>
    </Filter>
    <Filter Include="Game">
      <UniqueIdentifier>{336672e8-a121-4b71-915c-dfa90aec0b95}</UniqueIdentifier>
    </Filter>
    <Filter Include="Game\GameComponents">
      <UniqueIdentifier>{5c6d3243-784f-488e-83fb-55dcdceef5aa}</UniqueIdentifier>
    </Filter>
    <Filter Include="Framework\Utility">
      <UniqueIdentifier>{09bc8fa7-db80-4731-ac64-99f7107d7cab}</UniqueIdentifier>
    </Filter>
  </ItemGroup>
  <ItemGroup>
    <ClInclude Include="pch.h" />
    <ClInclude Include="StepTimer.h">
      <Filter>Common</Filter>
    </ClInclude>
    <ClInclude Include="DeviceResources.h">
      <Filter>Common</Filter>
    </ClInclude>
    <ClInclude Include="Game.h">
      <Filter>Framework</Filter>
    </ClInclude>
    <ClInclude Include="Frameworks\GridFloor.h">
      <Filter>Framework\DebugTools</Filter>
    </ClInclude>
    <ClInclude Include="Frameworks\GameContext.h">
      <Filter>Framework</Filter>
    </ClInclude>
    <ClInclude Include="Frameworks\InfinityGridFloor.h">
      <Filter>Framework\DebugTools</Filter>
    </ClInclude>
    <ClInclude Include="Frameworks\GridFloorWrapper.h">
      <Filter>Framework\DebugTools</Filter>
    </ClInclude>
    <ClInclude Include="Frameworks\DebugCamera.h">
      <Filter>Framework\DebugTools</Filter>
    </ClInclude>
    <ClInclude Include="Frameworks\ResourceManager.h">
      <Filter>Framework</Filter>
    </ClInclude>
    <ClInclude Include="Game\SceneManager.h">
      <Filter>Game</Filter>
    </ClInclude>
    <ClInclude Include="Game\Scene.h">
      <Filter>Game</Filter>
    </ClInclude>
    <ClInclude Include="Game\ScenePlay.h">
      <Filter>Game</Filter>
    </ClInclude>
    <ClInclude Include="Frameworks\GameFont.h">
      <Filter>Framework</Filter>
    </ClInclude>
    <ClInclude Include="Game\GridComponent.h">
      <Filter>Game\GameComponents</Filter>
    </ClInclude>
    <ClInclude Include="GameSystem.h">
      <Filter>Framework</Filter>
    </ClInclude>
    <ClInclude Include="Frameworks\GameObject.h">
      <Filter>Framework\Utility</Filter>
    </ClInclude>
    <ClInclude Include="Frameworks\Camera.h">
      <Filter>Framework\Utility</Filter>
    </ClInclude>
    <ClInclude Include="Frameworks\Component.h">
      <Filter>Framework\Utility</Filter>
    </ClInclude>
    <ClInclude Include="Frameworks\FbxModel.h">
      <Filter>Framework\Utility</Filter>
    </ClInclude>
    <ClInclude Include="Frameworks\Property.h">
      <Filter>Framework\Utility</Filter>
    </ClInclude>
    <ClInclude Include="Frameworks\Transform.h">
      <Filter>Framework\Utility</Filter>
    </ClInclude>
    <ClInclude Include="Frameworks\TypeID.h">
      <Filter>Framework\Utility</Filter>
    </ClInclude>
    <ClInclude Include="Frameworks\ObjectField.h">
      <Filter>Framework\Utility</Filter>
    </ClInclude>
    <ClInclude Include="Frameworks\Object.h">
      <Filter>Framework\Utility</Filter>
    </ClInclude>
    <ClInclude Include="Frameworks\GameSprite.h">
      <Filter>Framework</Filter>
    </ClInclude>
    <ClInclude Include="Frameworks\ShaderFileImporter.h">
      <Filter>Framework</Filter>
    </ClInclude>
    <ClInclude Include="Game\Collider.h">
      <Filter>Game\GameComponents</Filter>
    </ClInclude>
    <ClInclude Include="Game\SceneTitle.h">
      <Filter>Game</Filter>
    </ClInclude>
    <ClInclude Include="Game\GameCameraComponent.h">
      <Filter>Game\GameComponents</Filter>
    </ClInclude>
    <ClInclude Include="Game\GameDirector.h">
      <Filter>Game\GameComponents</Filter>
    </ClInclude>
    <ClInclude Include="Game\Stage.h">
      <Filter>Game\GameComponents</Filter>
    </ClInclude>
    <ClInclude Include="Game\ModelRenderer.h">
      <Filter>Game\GameComponents</Filter>
    </ClInclude>
    <ClInclude Include="Game\ICameraComponent.h">
      <Filter>Game\GameComponents</Filter>
    </ClInclude>
  </ItemGroup>
  <ItemGroup>
    <ClCompile Include="pch.cpp" />
    <ClCompile Include="Main.cpp" />
    <ClCompile Include="DeviceResources.cpp">
      <Filter>Common</Filter>
    </ClCompile>
    <ClCompile Include="Game.cpp">
      <Filter>Framework</Filter>
    </ClCompile>
    <ClCompile Include="Frameworks\GridFloor.cpp">
      <Filter>Framework\DebugTools</Filter>
    </ClCompile>
    <ClCompile Include="Frameworks\GridFloorWrapper.cpp">
      <Filter>Framework\DebugTools</Filter>
    </ClCompile>
    <ClCompile Include="Frameworks\DebugCamera.cpp">
      <Filter>Framework\DebugTools</Filter>
    </ClCompile>
    <ClCompile Include="Frameworks\ResourceManager.cpp">
      <Filter>Framework</Filter>
    </ClCompile>
    <ClCompile Include="Game\SceneManager.cpp">
      <Filter>Game</Filter>
    </ClCompile>
    <ClCompile Include="Game\ScenePlay.cpp">
      <Filter>Game</Filter>
    </ClCompile>
    <ClCompile Include="Game\Scene.cpp">
      <Filter>Game</Filter>
    </ClCompile>
    <ClCompile Include="Frameworks\InfinityGridFloor.cpp">
      <Filter>Framework\DebugTools</Filter>
    </ClCompile>
    <ClCompile Include="Frameworks\GameFont.cpp">
      <Filter>Framework</Filter>
    </ClCompile>
    <ClCompile Include="Game\GridComponent.cpp">
      <Filter>Game\GameComponents</Filter>
    </ClCompile>
    <ClCompile Include="GameSystem.cpp">
      <Filter>Framework</Filter>
    </ClCompile>
    <ClCompile Include="Frameworks\FbxModel.cpp">
      <Filter>Framework\Utility</Filter>
    </ClCompile>
    <ClCompile Include="Frameworks\Object.cpp">
      <Filter>Framework\Utility</Filter>
    </ClCompile>
    <ClCompile Include="Frameworks\GameSprite.cpp">
      <Filter>Framework</Filter>
    </ClCompile>
    <ClCompile Include="Frameworks\ShaderFileImporter.cpp">
      <Filter>Framework</Filter>
    </ClCompile>
    <ClCompile Include="Game\Collider.cpp">
      <Filter>Game\GameComponents</Filter>
    </ClCompile>
    <ClCompile Include="Game\SceneTitle.cpp">
      <Filter>Game</Filter>
    </ClCompile>
    <ClCompile Include="Game\GameCameraComponent.cpp">
      <Filter>Game\GameComponents</Filter>
    </ClCompile>
    <ClCompile Include="Game\GameDirector.cpp">
      <Filter>Game\GameComponents</Filter>
    </ClCompile>
    <ClCompile Include="Game\Stage.cpp">
      <Filter>Game\GameComponents</Filter>
    </ClCompile>
    <ClCompile Include="Game\ModelRenderer.cpp">
      <Filter>Game\GameComponents</Filter>
    </ClCompile>
  </ItemGroup>
  <ItemGroup>
    <ResourceCompile Include="resource.rc" />
  </ItemGroup>
  <ItemGroup>
    <Image Include="directx.ico">
      <Filter>Assets</Filter>
    </Image>
  </ItemGroup>
  <ItemGroup>
    <Manifest Include="settings.manifest">
      <Filter>Assets</Filter>
    </Manifest>
  </ItemGroup>
  <ItemGroup>
    <FxCompile Include="shader.hlsl">
      <Filter>Framework</Filter>
    </FxCompile>
    <FxCompile Include="Resources\Shader\GameSpritePolygonPS.hlsl">
      <Filter>Assets</Filter>
    </FxCompile>
    <FxCompile Include="Resources\Shader\GameSpritePolygonVS.hlsl">
      <Filter>Assets</Filter>
    </FxCompile>
    <FxCompile Include="Resources\Shader\GameSpritePolygonGS.hlsl">
      <Filter>Assets</Filter>
    </FxCompile>
  </ItemGroup>
  <ItemGroup>
    <None Include="Resources\Shader\GameSpritePolygon.hlsli">
      <Filter>Assets</Filter>
    </None>
  </ItemGroup>
  <ItemGroup>
    <MeshContentTask Include="Resources\Models\f.FBX">
      <Filter>Assets</Filter>
    </MeshContentTask>
    <MeshContentTask Include="Resources\Models\SkyDoom.FBX">
      <Filter>Assets</Filter>
    </MeshContentTask>
    <MeshContentTask Include="Resources\Models\Panel1.FBX">
      <Filter>Assets</Filter>
    </MeshContentTask>
  </ItemGroup>
</Project>